
Microsoft Visual Studio Solution File, Format Version 12.00
# Visual Studio 14
VisualStudioVersion = 14.0.25123.0
MinimumVisualStudioVersion = 10.0.40219.1
Project("{FAE04EC0-301F-11D3-BF4B-00C04F79EFBC}") = "Vector2", "Vector2\Vector2.csproj", "{F066630C-03B7-4CF5-B53E-56D65D5B1DC3}"
EndProject
Project("{FAE04EC0-301F-11D3-BF4B-00C04F79EFBC}") = "1.Containers", "1.Containers\1.Containers.csproj", "{86AA2640-17FC-43DD-9E8A-96C069B5C4FB}"
EndProject
Project("{FAE04EC0-301F-11D3-BF4B-00C04F79EFBC}") = "0.IntroToCsharp", "0.IntroToCsharp\0.IntroToCsharp.csproj", "{ED6E555F-F00B-415E-944B-DE512B3F10C9}"
EndProject
Project("{FAE04EC0-301F-11D3-BF4B-00C04F79EFBC}") = "2.CombatForms", "2.CombatForms\2.CombatForms.csproj", "{7F3DA64A-9E5F-4225-8584-84027B2A5066}"
EndProject
Project("{FAE04EC0-301F-11D3-BF4B-00C04F79EFBC}") = "3.Interfaces", "3.Interfaces\3.Interfaces.csproj", "{04719F38-A6E4-4F59-BEC1-D951D7A2DBF0}"
EndProject
Project("{FAE04EC0-301F-11D3-BF4B-00C04F79EFBC}") = "4.Delegates", "4.Delegates\4.Delegates.csproj", "{FF3B4D24-FC3C-4A0D-9D05-60CFA1182422}"
EndProject
Project("{FAE04EC0-301F-11D3-BF4B-00C04F79EFBC}") = "5.Serialization", "5.Serialization\5.Serialization.csproj", "{A596F0B7-07AB-426A-A599-1A280FF5B679}"
EndProject
Project("{FAE04EC0-301F-11D3-BF4B-00C04F79EFBC}") = "SerializationQuiz", "SerializationQuiz\SerializationQuiz.csproj", "{A26D38F2-367D-40E1-A403-B743E75A36B3}"
EndProject
Project("{FAE04EC0-301F-11D3-BF4B-00C04F79EFBC}") = "6.StatePattern", "6.StatePattern\6.StatePattern.csproj", "{450C1C60-C9C2-4DB5-8C65-EAC94E79D21E}"
EndProject
Project("{FAE04EC0-301F-11D3-BF4B-00C04F79EFBC}") = "SerializationWinform", "SerializationWinform\SerializationWinform.csproj", "{F8981635-033C-4356-A883-CD834D6BF0CF}"
EndProject
Project("{FAE04EC0-301F-11D3-BF4B-00C04F79EFBC}") = "RockPaperScissors", "RockPaperScissors\RockPaperScissors.csproj", "{86DF4F13-C910-43D4-9CBC-EFBB94AE2E40}"
EndProject
Global
	GlobalSection(SolutionConfigurationPlatforms) = preSolution
		Debug|Any CPU = Debug|Any CPU
		Release|Any CPU = Release|Any CPU
	EndGlobalSection
	GlobalSection(ProjectConfigurationPlatforms) = postSolution
		{F066630C-03B7-4CF5-B53E-56D65D5B1DC3}.Debug|Any CPU.ActiveCfg = Debug|Any CPU
		{F066630C-03B7-4CF5-B53E-56D65D5B1DC3}.Debug|Any CPU.Build.0 = Debug|Any CPU
		{F066630C-03B7-4CF5-B53E-56D65D5B1DC3}.Release|Any CPU.ActiveCfg = Release|Any CPU
		{F066630C-03B7-4CF5-B53E-56D65D5B1DC3}.Release|Any CPU.Build.0 = Release|Any CPU
		{86AA2640-17FC-43DD-9E8A-96C069B5C4FB}.Debug|Any CPU.ActiveCfg = Debug|Any CPU
		{86AA2640-17FC-43DD-9E8A-96C069B5C4FB}.Debug|Any CPU.Build.0 = Debug|Any CPU
		{86AA2640-17FC-43DD-9E8A-96C069B5C4FB}.Release|Any CPU.ActiveCfg = Release|Any CPU
		{86AA2640-17FC-43DD-9E8A-96C069B5C4FB}.Release|Any CPU.Build.0 = Release|Any CPU
		{ED6E555F-F00B-415E-944B-DE512B3F10C9}.Debug|Any CPU.ActiveCfg = Debug|Any CPU
		{ED6E555F-F00B-415E-944B-DE512B3F10C9}.Debug|Any CPU.Build.0 = Debug|Any CPU
		{ED6E555F-F00B-415E-944B-DE512B3F10C9}.Release|Any CPU.ActiveCfg = Release|Any CPU
		{ED6E555F-F00B-415E-944B-DE512B3F10C9}.Release|Any CPU.Build.0 = Release|Any CPU
		{7F3DA64A-9E5F-4225-8584-84027B2A5066}.Debug|Any CPU.ActiveCfg = Debug|Any CPU
		{7F3DA64A-9E5F-4225-8584-84027B2A5066}.Debug|Any CPU.Build.0 = Debug|Any CPU
		{7F3DA64A-9E5F-4225-8584-84027B2A5066}.Release|Any CPU.ActiveCfg = Release|Any CPU
		{7F3DA64A-9E5F-4225-8584-84027B2A5066}.Release|Any CPU.Build.0 = Release|Any CPU
		{04719F38-A6E4-4F59-BEC1-D951D7A2DBF0}.Debug|Any CPU.ActiveCfg = Debug|Any CPU
		{04719F38-A6E4-4F59-BEC1-D951D7A2DBF0}.Debug|Any CPU.Build.0 = Debug|Any CPU
		{04719F38-A6E4-4F59-BEC1-D951D7A2DBF0}.Release|Any CPU.ActiveCfg = Release|Any CPU
		{04719F38-A6E4-4F59-BEC1-D951D7A2DBF0}.Release|Any CPU.Build.0 = Release|Any CPU
		{FF3B4D24-FC3C-4A0D-9D05-60CFA1182422}.Debug|Any CPU.ActiveCfg = Debug|Any CPU
		{FF3B4D24-FC3C-4A0D-9D05-60CFA1182422}.Debug|Any CPU.Build.0 = Debug|Any CPU
		{FF3B4D24-FC3C-4A0D-9D05-60CFA1182422}.Release|Any CPU.ActiveCfg = Release|Any CPU
		{FF3B4D24-FC3C-4A0D-9D05-60CFA1182422}.Release|Any CPU.Build.0 = Release|Any CPU
		{A596F0B7-07AB-426A-A599-1A280FF5B679}.Debug|Any CPU.ActiveCfg = Debug|Any CPU
		{A596F0B7-07AB-426A-A599-1A280FF5B679}.Debug|Any CPU.Build.0 = Debug|Any CPU
		{A596F0B7-07AB-426A-A599-1A280FF5B679}.Release|Any CPU.ActiveCfg = Release|Any CPU
		{A596F0B7-07AB-426A-A599-1A280FF5B679}.Release|Any CPU.Build.0 = Release|Any CPU
		{A26D38F2-367D-40E1-A403-B743E75A36B3}.Debug|Any CPU.ActiveCfg = Debug|Any CPU
		{A26D38F2-367D-40E1-A403-B743E75A36B3}.Debug|Any CPU.Build.0 = Debug|Any CPU
		{A26D38F2-367D-40E1-A403-B743E75A36B3}.Release|Any CPU.ActiveCfg = Release|Any CPU
		{A26D38F2-367D-40E1-A403-B743E75A36B3}.Release|Any CPU.Build.0 = Release|Any CPU
		{450C1C60-C9C2-4DB5-8C65-EAC94E79D21E}.Debug|Any CPU.ActiveCfg = Debug|Any CPU
		{450C1C60-C9C2-4DB5-8C65-EAC94E79D21E}.Debug|Any CPU.Build.0 = Debug|Any CPU
		{450C1C60-C9C2-4DB5-8C65-EAC94E79D21E}.Release|Any CPU.ActiveCfg = Release|Any CPU
		{450C1C60-C9C2-4DB5-8C65-EAC94E79D21E}.Release|Any CPU.Build.0 = Release|Any CPU
		{F8981635-033C-4356-A883-CD834D6BF0CF}.Debug|Any CPU.ActiveCfg = Debug|Any CPU
		{F8981635-033C-4356-A883-CD834D6BF0CF}.Debug|Any CPU.Build.0 = Debug|Any CPU
		{F8981635-033C-4356-A883-CD834D6BF0CF}.Release|Any CPU.ActiveCfg = Release|Any CPU
		{F8981635-033C-4356-A883-CD834D6BF0CF}.Release|Any CPU.Build.0 = Release|Any CPU
		{86DF4F13-C910-43D4-9CBC-EFBB94AE2E40}.Debug|Any CPU.ActiveCfg = Debug|Any CPU
		{86DF4F13-C910-43D4-9CBC-EFBB94AE2E40}.Debug|Any CPU.Build.0 = Debug|Any CPU
		{86DF4F13-C910-43D4-9CBC-EFBB94AE2E40}.Release|Any CPU.ActiveCfg = Release|Any CPU
		{86DF4F13-C910-43D4-9CBC-EFBB94AE2E40}.Release|Any CPU.Build.0 = Release|Any CPU
	EndGlobalSection
	GlobalSection(SolutionProperties) = preSolution
		HideSolutionNode = FALSE
	EndGlobalSection
	GlobalSection(ExtensibilityGlobals) = postSolution
		SolutionGuid = {7063765F-A44B-403B-BA81-CD97A58F271B}
	EndGlobalSection
EndGlobal
