
Microsoft Visual Studio Solution File, Format Version 12.00
# Visual Studio 14
VisualStudioVersion = 14.0.25123.0
MinimumVisualStudioVersion = 10.0.40219.1
Project("{FAE04EC0-301F-11D3-BF4B-00C04F79EFBC}") = "Vector2", "Vector2\Vector2.csproj", "{F066630C-03B7-4CF5-B53E-56D65D5B1DC3}"
EndProject
Project("{FAE04EC0-301F-11D3-BF4B-00C04F79EFBC}") = "1.Containers", "1.Containers\1.Containers.csproj", "{86AA2640-17FC-43DD-9E8A-96C069B5C4FB}"
EndProject
Project("{FAE04EC0-301F-11D3-BF4B-00C04F79EFBC}") = "0.IntroToCsharp", "0.IntroToCsharp\0.IntroToCsharp.csproj", "{ED6E555F-F00B-415E-944B-DE512B3F10C9}"
EndProject
Project("{FAE04EC0-301F-11D3-BF4B-00C04F79EFBC}") = "2.CombatForms", "2.CombatForms\2.CombatForms.csproj", "{7F3DA64A-9E5F-4225-8584-84027B2A5066}"
EndProject
Global
	GlobalSection(SolutionConfigurationPlatforms) = preSolution
		Debug|Any CPU = Debug|Any CPU
		Release|Any CPU = Release|Any CPU
	EndGlobalSection
	GlobalSection(ProjectConfigurationPlatforms) = postSolution
		{F066630C-03B7-4CF5-B53E-56D65D5B1DC3}.Debug|Any CPU.ActiveCfg = Debug|Any CPU
		{F066630C-03B7-4CF5-B53E-56D65D5B1DC3}.Debug|Any CPU.Build.0 = Debug|Any CPU
		{F066630C-03B7-4CF5-B53E-56D65D5B1DC3}.Release|Any CPU.ActiveCfg = Release|Any CPU
		{F066630C-03B7-4CF5-B53E-56D65D5B1DC3}.Release|Any CPU.Build.0 = Release|Any CPU
		{86AA2640-17FC-43DD-9E8A-96C069B5C4FB}.Debug|Any CPU.ActiveCfg = Debug|Any CPU
		{86AA2640-17FC-43DD-9E8A-96C069B5C4FB}.Debug|Any CPU.Build.0 = Debug|Any CPU
		{86AA2640-17FC-43DD-9E8A-96C069B5C4FB}.Release|Any CPU.ActiveCfg = Release|Any CPU
		{86AA2640-17FC-43DD-9E8A-96C069B5C4FB}.Release|Any CPU.Build.0 = Release|Any CPU
		{ED6E555F-F00B-415E-944B-DE512B3F10C9}.Debug|Any CPU.ActiveCfg = Debug|Any CPU
		{ED6E555F-F00B-415E-944B-DE512B3F10C9}.Debug|Any CPU.Build.0 = Debug|Any CPU
		{ED6E555F-F00B-415E-944B-DE512B3F10C9}.Release|Any CPU.ActiveCfg = Release|Any CPU
		{ED6E555F-F00B-415E-944B-DE512B3F10C9}.Release|Any CPU.Build.0 = Release|Any CPU
		{7F3DA64A-9E5F-4225-8584-84027B2A5066}.Debug|Any CPU.ActiveCfg = Debug|Any CPU
		{7F3DA64A-9E5F-4225-8584-84027B2A5066}.Debug|Any CPU.Build.0 = Debug|Any CPU
		{7F3DA64A-9E5F-4225-8584-84027B2A5066}.Release|Any CPU.ActiveCfg = Release|Any CPU
		{7F3DA64A-9E5F-4225-8584-84027B2A5066}.Release|Any CPU.Build.0 = Release|Any CPU
	EndGlobalSection
	GlobalSection(SolutionProperties) = preSolution
		HideSolutionNode = FALSE
	EndGlobalSection
EndGlobal
